
Microsoft Visual Studio Solution File, Format Version 12.00
# Visual Studio 15
VisualStudioVersion = 15.0.27004.2005
MinimumVisualStudioVersion = 10.0.40219.1
Project("{FAE04EC0-301F-11D3-BF4B-00C04F79EFBC}") = "ControlApp", "ControlApp\ControlApp.csproj", "{69DAC410-7EBC-4187-8A78-88EF093D5134}"
EndProject
Global
	GlobalSection(SolutionConfigurationPlatforms) = preSolution
		Debug|Any CPU = Debug|Any CPU
		Release|Any CPU = Release|Any CPU
	EndGlobalSection
	GlobalSection(ProjectConfigurationPlatforms) = postSolution
		{69DAC410-7EBC-4187-8A78-88EF093D5134}.Debug|Any CPU.ActiveCfg = Debug|Any CPU
		{69DAC410-7EBC-4187-8A78-88EF093D5134}.Debug|Any CPU.Build.0 = Debug|Any CPU
		{69DAC410-7EBC-4187-8A78-88EF093D5134}.Release|Any CPU.ActiveCfg = Release|Any CPU
		{69DAC410-7EBC-4187-8A78-88EF093D5134}.Release|Any CPU.Build.0 = Release|Any CPU
	EndGlobalSection
	GlobalSection(SolutionProperties) = preSolution
		HideSolutionNode = FALSE
	EndGlobalSection
	GlobalSection(ExtensibilityGlobals) = postSolution
		SolutionGuid = {3428D167-DE50-40E6-B436-25F0D7206B59}
	EndGlobalSection
EndGlobal
